{
    "_readme": [
        "This file locks the dependencies of your project to a known state",
        "Read more about it at https://getcomposer.org/doc/01-basic-usage.md#installing-dependencies",
        "This file is @generated automatically"
    ],
    "content-hash": "6c350c1c31fd4b59504d8a49b57c012c",
    "packages": [
        {
            "name": "doctrine/inflector",
            "version": "1.3.1",
            "source": {
                "type": "git",
                "url": "https://github.com/doctrine/inflector.git",
                "reference": "ec3a55242203ffa6a4b27c58176da97ff0a7aec1"
            },
            "dist": {
                "type": "zip",
                "url": "https://api.github.com/repos/doctrine/inflector/zipball/ec3a55242203ffa6a4b27c58176da97ff0a7aec1",
                "reference": "ec3a55242203ffa6a4b27c58176da97ff0a7aec1",
                "shasum": "",
                "mirrors": [
                    {
                        "url": "https://mirrors.aliyun.com/composer/dists/%package%/%reference%.%type%",
                        "preferred": true
                    }
                ]
            },
            "require": {
                "php": "^7.1"
            },
            "require-dev": {
                "phpunit/phpunit": "^6.2"
            },
            "type": "library",
            "extra": {
                "branch-alias": {
                    "dev-master": "1.3.x-dev"
                }
            },
            "autoload": {
                "psr-4": {
                    "Doctrine\\Common\\Inflector\\": "lib/Doctrine/Common/Inflector"
                }
            },
            "notification-url": "https://packagist.org/downloads/",
            "license": [
                "MIT"
            ],
            "authors": [
                {
                    "name": "Guilherme Blanco",
                    "email": "guilhermeblanco@gmail.com"
                },
                {
                    "name": "Roman Borschel",
                    "email": "roman@code-factory.org"
                },
                {
                    "name": "Benjamin Eberlei",
                    "email": "kontakt@beberlei.de"
                },
                {
                    "name": "Jonathan Wage",
                    "email": "jonwage@gmail.com"
                },
                {
                    "name": "Johannes Schmitt",
                    "email": "schmittjoh@gmail.com"
                }
            ],
            "description": "Common String Manipulations with regard to casing and singular/plural rules.",
            "homepage": "http://www.doctrine-project.org",
            "keywords": [
                "inflection",
                "pluralize",
                "singularize",
                "string"
            ],
            "time": "2019-10-30T19:59:35+00:00"
        },
        {
            "name": "hyperf/contract",
            "version": "v1.1.26",
            "source": {
                "type": "git",
                "url": "https://github.com/hyperf/contract.git",
                "reference": "6673f08bbdb62721d358852537fd19ea9496c35c"
            },
            "dist": {
                "type": "zip",
                "url": "https://api.github.com/repos/hyperf/contract/zipball/6673f08bbdb62721d358852537fd19ea9496c35c",
                "reference": "6673f08bbdb62721d358852537fd19ea9496c35c",
                "shasum": "",
                "mirrors": [
                    {
                        "url": "https://mirrors.aliyun.com/composer/dists/%package%/%reference%.%type%",
                        "preferred": true
                    }
                ]
            },
            "require": {
                "php": ">=7.2"
            },
            "require-dev": {
                "friendsofphp/php-cs-fixer": "^2.9",
                "malukenho/docheader": "^0.1.6",
                "mockery/mockery": "^1.0",
                "phpunit/phpunit": "^7.0.0"
            },
            "type": "library",
            "extra": {
                "branch-alias": {
                    "dev-master": "1.1-dev"
                },
                "hyperf": []
            },
            "autoload": {
                "psr-4": {
                    "Hyperf\\Contract\\": "src/"
                }
            },
            "notification-url": "https://packagist.org/downloads/",
            "license": [
                "MIT"
            ],
            "description": "The contracts of Hyperf.",
            "homepage": "https://hyperf.io",
            "keywords": [
                "hyperf",
                "php",
                "swoole"
            ],
            "time": "2020-04-16T03:41:10+00:00"
        },
        {
            "name": "hyperf/pool",
            "version": "v1.1.26",
            "source": {
                "type": "git",
                "url": "https://github.com/hyperf/pool.git",
                "reference": "909b8155f3ad2b651360374595a98c2326913f9a"
            },
            "dist": {
                "type": "zip",
                "url": "https://api.github.com/repos/hyperf/pool/zipball/909b8155f3ad2b651360374595a98c2326913f9a",
                "reference": "909b8155f3ad2b651360374595a98c2326913f9a",
                "shasum": "",
                "mirrors": [
                    {
                        "url": "https://mirrors.aliyun.com/composer/dists/%package%/%reference%.%type%",
                        "preferred": true
                    }
                ]
            },
            "require": {
                "hyperf/contract": "~1.1.0",
                "hyperf/utils": "~1.1.0",
                "php": ">=7.2",
                "psr/container": "^1.0"
            },
            "require-dev": {
                "friendsofphp/php-cs-fixer": "^2.9",
                "malukenho/docheader": "^0.1.6",
                "mockery/mockery": "^1.0",
                "phpunit/phpunit": "^7.0.0"
            },
            "type": "library",
            "extra": {
                "branch-alias": {
                    "dev-master": "1.1-dev"
                },
                "hyperf": {
                    "config": "Hyperf\\Pool\\ConfigProvider"
                }
            },
            "autoload": {
                "psr-4": {
                    "Hyperf\\Pool\\": "src/"
                }
            },
            "notification-url": "https://packagist.org/downloads/",
            "license": [
                "MIT"
            ],
            "description": "An independent universal connection pool component.",
            "homepage": "https://hyperf.io",
            "keywords": [
                "connection-pool",
                "hyperf",
                "php",
                "swoole"
            ],
            "time": "2020-04-16T03:41:10+00:00"
        },
        {
            "name": "hyperf/utils",
            "version": "v1.1.27",
            "source": {
                "type": "git",
                "url": "https://github.com/hyperf/utils.git",
                "reference": "aa152d3d707e8ccd0fc0585b3f73140a97695c1f"
            },
            "dist": {
                "type": "zip",
                "url": "https://api.github.com/repos/hyperf/utils/zipball/aa152d3d707e8ccd0fc0585b3f73140a97695c1f",
                "reference": "aa152d3d707e8ccd0fc0585b3f73140a97695c1f",
                "shasum": "",
                "mirrors": [
                    {
                        "url": "https://mirrors.aliyun.com/composer/dists/%package%/%reference%.%type%",
                        "preferred": true
                    }
                ]
            },
            "require": {
                "doctrine/inflector": "^1.3",
                "ext-swoole": ">=4.4",
                "hyperf/contract": "~1.1.0",
                "php": ">=7.2"
            },
            "require-dev": {
                "friendsofphp/php-cs-fixer": "^2.9",
                "malukenho/docheader": "^0.1.6",
                "mockery/mockery": "^1.0",
                "phpunit/phpunit": "^7.0.0",
                "symfony/property-access": "^4.3",
                "symfony/serializer": "^4.3",
                "symfony/var-dumper": "^4.1"
            },
            "suggest": {
                "hyperf/di": "Required to use ExceptionNormalizer",
                "symfony/property-access": "Required to use SymfonyNormalizer (^4.3)",
                "symfony/serializer": "Required to use SymfonyNormalizer (^4.3)",
                "symfony/var-dumper": "Required to use the dd function (^4.1)."
            },
            "type": "library",
            "extra": {
                "hyperf": {
                    "config": "Hyperf\\Utils\\ConfigProvider"
                },
                "branch-alias": {
                    "dev-master": "1.1-dev"
                }
            },
            "autoload": {
                "files": [
                    "src/Functions.php"
                ],
                "psr-4": {
                    "Hyperf\\Utils\\": "src/"
                }
            },
            "notification-url": "https://packagist.org/downloads/",
            "license": [
                "MIT"
            ],
            "description": "A tools package that could help developer solved the problem quickly.",
            "homepage": "https://hyperf.io",
            "keywords": [
                "hyperf",
                "php",
                "swoole",
                "utils"
            ],
            "time": "2020-04-23T04:10:45+00:00"
        },
        {
            "name": "psr/container",
            "version": "1.0.0",
            "source": {
                "type": "git",
                "url": "https://github.com/php-fig/container.git",
                "reference": "b7ce3b176482dbbc1245ebf52b181af44c2cf55f"
            },
            "dist": {
                "type": "zip",
                "url": "https://api.github.com/repos/php-fig/container/zipball/b7ce3b176482dbbc1245ebf52b181af44c2cf55f",
                "reference": "b7ce3b176482dbbc1245ebf52b181af44c2cf55f",
                "shasum": "",
                "mirrors": [
                    {
                        "url": "https://mirrors.aliyun.com/composer/dists/%package%/%reference%.%type%",
                        "preferred": true
                    }
                ]
            },
            "require": {
                "php": ">=5.3.0"
            },
            "type": "library",
            "extra": {
                "branch-alias": {
                    "dev-master": "1.0.x-dev"
                }
            },
            "autoload": {
                "psr-4": {
                    "Psr\\Container\\": "src/"
                }
            },
            "notification-url": "https://packagist.org/downloads/",
            "license": [
                "MIT"
            ],
            "authors": [
                {
                    "name": "PHP-FIG",
                    "homepage": "http://www.php-fig.org/"
                }
            ],
            "description": "Common Container Interface (PHP FIG PSR-11)",
            "homepage": "https://github.com/php-fig/container",
            "keywords": [
                "PSR-11",
                "container",
                "container-interface",
                "container-interop",
                "psr"
            ],
            "time": "2017-02-14T16:28:37+00:00"
        }
    ],
    "packages-dev": [],
    "aliases": [],
    "minimum-stability": "stable",
    "stability-flags": [],
    "prefer-stable": false,
    "prefer-lowest": false,
    "platform": [],
    "platform-dev": [],
    "plugin-api-version": "1.1.0"
}
